// !$*UTF8*$!
{
	archiveVersion = 1;
	classes = {
	};
	objectVersion = 50;
	objects = {

/* Begin PBXBuildFile section */
		413CB263229EE45C00467956 /* tenedor.png in Resources */ = {isa = PBXBuildFile; fileRef = 413CB262229EE45C00467956 /* tenedor.png */; };
		414308C92269EEA100F8881F /* HealthyMiPerfil2ViewController.swift in Sources */ = {isa = PBXBuildFile; fileRef = 414308C72269EEA100F8881F /* HealthyMiPerfil2ViewController.swift */; };
		414308CA2269EEA100F8881F /* HealthyMiPerfil2ViewController.xib in Resources */ = {isa = PBXBuildFile; fileRef = 414308C82269EEA100F8881F /* HealthyMiPerfil2ViewController.xib */; };
		414E6C032263A27800EE02EE /* AppDelegate.swift in Sources */ = {isa = PBXBuildFile; fileRef = 414E6C022263A27800EE02EE /* AppDelegate.swift */; };
		414E6C082263A27800EE02EE /* Main.storyboard in Resources */ = {isa = PBXBuildFile; fileRef = 414E6C062263A27800EE02EE /* Main.storyboard */; };
		414E6C0B2263A27800EE02EE /* HealthyWorld.xcdatamodeld in Sources */ = {isa = PBXBuildFile; fileRef = 414E6C092263A27800EE02EE /* HealthyWorld.xcdatamodeld */; };
		414E6C0D2263A27900EE02EE /* Assets.xcassets in Resources */ = {isa = PBXBuildFile; fileRef = 414E6C0C2263A27900EE02EE /* Assets.xcassets */; };
		414E6C102263A27900EE02EE /* LaunchScreen.storyboard in Resources */ = {isa = PBXBuildFile; fileRef = 414E6C0E2263A27900EE02EE /* LaunchScreen.storyboard */; };
		414E6C1D2263A2D600EE02EE /* SwipingControllerExtension.swift in Sources */ = {isa = PBXBuildFile; fileRef = 414E6C172263A2D600EE02EE /* SwipingControllerExtension.swift */; };
		414E6C1E2263A2D600EE02EE /* SwipingController.swift in Sources */ = {isa = PBXBuildFile; fileRef = 414E6C182263A2D600EE02EE /* SwipingController.swift */; };
		414E6C1F2263A2D600EE02EE /* SwipingExtensionCollectionView.swift in Sources */ = {isa = PBXBuildFile; fileRef = 414E6C192263A2D600EE02EE /* SwipingExtensionCollectionView.swift */; };
		414E6C212263A2D600EE02EE /* Page.swift in Sources */ = {isa = PBXBuildFile; fileRef = 414E6C1B2263A2D600EE02EE /* Page.swift */; };
		414E6C222263A2D600EE02EE /* PageCell.swift in Sources */ = {isa = PBXBuildFile; fileRef = 414E6C1C2263A2D600EE02EE /* PageCell.swift */; };
		414F8543229C0622008C5965 /* RutinaDetalleCollectionViewCell.swift in Sources */ = {isa = PBXBuildFile; fileRef = 414F8541229C0622008C5965 /* RutinaDetalleCollectionViewCell.swift */; };
		414F8544229C0622008C5965 /* RutinaDetalleCollectionViewCell.xib in Resources */ = {isa = PBXBuildFile; fileRef = 414F8542229C0622008C5965 /* RutinaDetalleCollectionViewCell.xib */; };
		414F8547229C58FB008C5965 /* HealthyRutinaTestViewController.swift in Sources */ = {isa = PBXBuildFile; fileRef = 414F8545229C58FB008C5965 /* HealthyRutinaTestViewController.swift */; };
		414F8548229C58FB008C5965 /* HealthyRutinaTestViewController.xib in Resources */ = {isa = PBXBuildFile; fileRef = 414F8546229C58FB008C5965 /* HealthyRutinaTestViewController.xib */; };
		41603D302274CE8300FCE0BA /* MiPerfilViewController.swift in Sources */ = {isa = PBXBuildFile; fileRef = 41603D2E2274CE8300FCE0BA /* MiPerfilViewController.swift */; };
		41603D312274CE8300FCE0BA /* MiPerfilViewController.xib in Resources */ = {isa = PBXBuildFile; fileRef = 41603D2F2274CE8300FCE0BA /* MiPerfilViewController.xib */; };
		41603D352274CFA200FCE0BA /* HealthyDietaTableViewController.swift in Sources */ = {isa = PBXBuildFile; fileRef = 41603D332274CFA200FCE0BA /* HealthyDietaTableViewController.swift */; };
		41603D362274CFA200FCE0BA /* HealthyDietaTableViewController.xib in Resources */ = {isa = PBXBuildFile; fileRef = 41603D342274CFA200FCE0BA /* HealthyDietaTableViewController.xib */; };
		41783BD82268C78C00C9EAF6 /* HealthyDietaTableViewController.swift in Sources */ = {isa = PBXBuildFile; fileRef = 41783BD62268C78C00C9EAF6 /* HealthyDietaTableViewController.swift */; };
		41783BD92268C78C00C9EAF6 /* HealthyDietaTableViewController.xib in Resources */ = {isa = PBXBuildFile; fileRef = 41783BD72268C78C00C9EAF6 /* HealthyDietaTableViewController.xib */; };
		41783BDD2268C7AC00C9EAF6 /* DetailRutinaPage1ViewController.swift in Sources */ = {isa = PBXBuildFile; fileRef = 41783BDB2268C7AC00C9EAF6 /* DetailRutinaPage1ViewController.swift */; };
		41783BDE2268C7AC00C9EAF6 /* DetailRutinaPage1ViewController.xib in Resources */ = {isa = PBXBuildFile; fileRef = 41783BDC2268C7AC00C9EAF6 /* DetailRutinaPage1ViewController.xib */; };
		41783BE32268C7CA00C9EAF6 /* HealthyMenuTabController.swift in Sources */ = {isa = PBXBuildFile; fileRef = 41783BE02268C7CA00C9EAF6 /* HealthyMenuTabController.swift */; };
		41783BE42268C7CA00C9EAF6 /* RutinasCollectionViewController.swift in Sources */ = {isa = PBXBuildFile; fileRef = 41783BE12268C7CA00C9EAF6 /* RutinasCollectionViewController.swift */; };
		41783BE52268C7CA00C9EAF6 /* RutinasCollectionViewController.xib in Resources */ = {isa = PBXBuildFile; fileRef = 41783BE22268C7CA00C9EAF6 /* RutinasCollectionViewController.xib */; };
		41783BE92268C7EE00C9EAF6 /* HealthyRutinaViewController.swift in Sources */ = {isa = PBXBuildFile; fileRef = 41783BE72268C7EE00C9EAF6 /* HealthyRutinaViewController.swift */; };
		41783BEA2268C7EE00C9EAF6 /* HealthyRutinaViewController.xib in Resources */ = {isa = PBXBuildFile; fileRef = 41783BE82268C7EE00C9EAF6 /* HealthyRutinaViewController.xib */; };
		41783BED2268C80600C9EAF6 /* DataRoutine.swift in Sources */ = {isa = PBXBuildFile; fileRef = 41783BEC2268C80500C9EAF6 /* DataRoutine.swift */; };
		41783BF22268C81500C9EAF6 /* RutinaTableViewCell.xib in Resources */ = {isa = PBXBuildFile; fileRef = 41783BEE2268C81400C9EAF6 /* RutinaTableViewCell.xib */; };
		41783BF32268C81500C9EAF6 /* RutinaCollectionViewCell.xib in Resources */ = {isa = PBXBuildFile; fileRef = 41783BEF2268C81400C9EAF6 /* RutinaCollectionViewCell.xib */; };
		41783BF42268C81500C9EAF6 /* RutinaTableViewCell.swift in Sources */ = {isa = PBXBuildFile; fileRef = 41783BF02268C81500C9EAF6 /* RutinaTableViewCell.swift */; };
		41783BF52268C81500C9EAF6 /* RutinaCollectionViewCell.swift in Sources */ = {isa = PBXBuildFile; fileRef = 41783BF12268C81500C9EAF6 /* RutinaCollectionViewCell.swift */; };
		41783BFB2268C85600C9EAF6 /* RutinaDetailCustomView.xib in Resources */ = {isa = PBXBuildFile; fileRef = 41783BF72268C85600C9EAF6 /* RutinaDetailCustomView.xib */; };
		41783BFC2268C85600C9EAF6 /* RutinaDetailCustomView.swift in Sources */ = {isa = PBXBuildFile; fileRef = 41783BF82268C85600C9EAF6 /* RutinaDetailCustomView.swift */; };
		41783BFD2268C85600C9EAF6 /* CustomTableView.swift in Sources */ = {isa = PBXBuildFile; fileRef = 41783BF92268C85600C9EAF6 /* CustomTableView.swift */; };
		41783BFE2268C85600C9EAF6 /* CustomTableView.xib in Resources */ = {isa = PBXBuildFile; fileRef = 41783BFA2268C85600C9EAF6 /* CustomTableView.xib */; };
		41783C002268C87100C9EAF6 /* VideoView.swift in Sources */ = {isa = PBXBuildFile; fileRef = 41783BFF2268C87100C9EAF6 /* VideoView.swift */; };
		41783C042268C8AF00C9EAF6 /* HealthyProfilePickerExtension.swift in Sources */ = {isa = PBXBuildFile; fileRef = 41783C012268C8AF00C9EAF6 /* HealthyProfilePickerExtension.swift */; };
		41783C052268C8AF00C9EAF6 /* HealthyProfile2ViewController.xib in Resources */ = {isa = PBXBuildFile; fileRef = 41783C022268C8AF00C9EAF6 /* HealthyProfile2ViewController.xib */; };
		41783C062268C8AF00C9EAF6 /* HealthyProfile2ViewController.swift in Sources */ = {isa = PBXBuildFile; fileRef = 41783C032268C8AF00C9EAF6 /* HealthyProfile2ViewController.swift */; };
		41783C082268C8D300C9EAF6 /* buendia.mp4 in Resources */ = {isa = PBXBuildFile; fileRef = 41783C072268C8D300C9EAF6 /* buendia.mp4 */; };
		417C96022299C7C90016479A /* RutinaDetalleViewController.swift in Sources */ = {isa = PBXBuildFile; fileRef = 417C96002299C7C90016479A /* RutinaDetalleViewController.swift */; };
		417C96032299C7C90016479A /* RutinaDetalleViewController.xib in Resources */ = {isa = PBXBuildFile; fileRef = 417C96012299C7C90016479A /* RutinaDetalleViewController.xib */; };
		417C96052299C9710016479A /* pechoEjer.jpg in Resources */ = {isa = PBXBuildFile; fileRef = 417C96042299C9710016479A /* pechoEjer.jpg */; };
		4192862922648D4200953634 /* HealthyProfileViewController.swift in Sources */ = {isa = PBXBuildFile; fileRef = 4192862722648D4200953634 /* HealthyProfileViewController.swift */; };
		4192862A22648D4200953634 /* HealthyProfileViewController.xib in Resources */ = {isa = PBXBuildFile; fileRef = 4192862822648D4200953634 /* HealthyProfileViewController.xib */; };
		4192862C22651B2300953634 /* User.swift in Sources */ = {isa = PBXBuildFile; fileRef = 4192862B22651B2300953634 /* User.swift */; };
		41B7A5492268D021000BD78D /* pierna.jpg in Resources */ = {isa = PBXBuildFile; fileRef = 41B7A5432268D020000BD78D /* pierna.jpg */; };
		41B7A54A2268D021000BD78D /* video.mp4 in Resources */ = {isa = PBXBuildFile; fileRef = 41B7A5442268D020000BD78D /* video.mp4 */; };
		41B7A54B2268D021000BD78D /* Podfile in Resources */ = {isa = PBXBuildFile; fileRef = 41B7A5452268D020000BD78D /* Podfile */; };
		41B7A54C2268D021000BD78D /* video2.mp4 in Resources */ = {isa = PBXBuildFile; fileRef = 41B7A5462268D020000BD78D /* video2.mp4 */; };
		41B7A54D2268D021000BD78D /* conejo.mp4 in Resources */ = {isa = PBXBuildFile; fileRef = 41B7A5472268D020000BD78D /* conejo.mp4 */; };
		41B7A54E2268D021000BD78D /* Podfile.lock in Resources */ = {isa = PBXBuildFile; fileRef = 41B7A5482268D021000BD78D /* Podfile.lock */; };
		41B8A854229327E900C09A9D /* DietaTableViewCell.swift in Sources */ = {isa = PBXBuildFile; fileRef = 41B8A852229327E900C09A9D /* DietaTableViewCell.swift */; };
		41B8A855229327E900C09A9D /* DietaTableViewCell.xib in Resources */ = {isa = PBXBuildFile; fileRef = 41B8A853229327E900C09A9D /* DietaTableViewCell.xib */; };
		6207DFF522842EDD005CEE03 /* HeaderComidasTableViewCell.swift in Sources */ = {isa = PBXBuildFile; fileRef = 6207DFF322842EDD005CEE03 /* HeaderComidasTableViewCell.swift */; };
		6207DFF622842EDD005CEE03 /* HeaderComidasTableViewCell.xib in Resources */ = {isa = PBXBuildFile; fileRef = 6207DFF422842EDD005CEE03 /* HeaderComidasTableViewCell.xib */; };
		620B22C5227C65D00024F581 /* HealthyARViewController.swift in Sources */ = {isa = PBXBuildFile; fileRef = 620B22C3227C65D00024F581 /* HealthyARViewController.swift */; };
		620B22C6227C65D00024F581 /* HealthyARViewController.xib in Resources */ = {isa = PBXBuildFile; fileRef = 620B22C4227C65D00024F581 /* HealthyARViewController.xib */; };
		62FA15E1229428CE00C846AC /* HealthyDietaCreadaViewController.swift in Sources */ = {isa = PBXBuildFile; fileRef = 62FA15DF229428CE00C846AC /* HealthyDietaCreadaViewController.swift */; };
		62FA15E2229428CE00C846AC /* HealthyDietaCreadaViewController.xib in Resources */ = {isa = PBXBuildFile; fileRef = 62FA15E0229428CE00C846AC /* HealthyDietaCreadaViewController.xib */; };
		62FE5554228564F0004909B1 /* CustomHeaderFood.xib in Resources */ = {isa = PBXBuildFile; fileRef = 62FE5552228564EE004909B1 /* CustomHeaderFood.xib */; };
		62FE5555228564F0004909B1 /* CustomHeaderFood.swift in Sources */ = {isa = PBXBuildFile; fileRef = 62FE5553228564EF004909B1 /* CustomHeaderFood.swift */; };
		62FE555722856561004909B1 /* GradientView.swift in Sources */ = {isa = PBXBuildFile; fileRef = 62FE555622856561004909B1 /* GradientView.swift */; };
		62FE555922856C99004909B1 /* Dieta.swift in Sources */ = {isa = PBXBuildFile; fileRef = 62FE555822856C99004909B1 /* Dieta.swift */; };
		62FE555C22857A4A004909B1 /* HealthyMiDietaViewController.swift in Sources */ = {isa = PBXBuildFile; fileRef = 62FE555A22857A4A004909B1 /* HealthyMiDietaViewController.swift */; };
		62FE555D22857A4A004909B1 /* HealthyMiDietaViewController.xib in Resources */ = {isa = PBXBuildFile; fileRef = 62FE555B22857A4A004909B1 /* HealthyMiDietaViewController.xib */; };
		62FE556022859385004909B1 /* UserManager.swift in Sources */ = {isa = PBXBuildFile; fileRef = 62FE555F22859385004909B1 /* UserManager.swift */; };
		E576CC475ADBA5764571FFDA /* Pods_HealthyWorld.framework in Frameworks */ = {isa = PBXBuildFile; fileRef = 4D4BBEB6D8D44836551323F9 /* Pods_HealthyWorld.framework */; };
/* End PBXBuildFile section */

/* Begin PBXFileReference section */
		413CB262229EE45C00467956 /* tenedor.png */ = {isa = PBXFileReference; lastKnownFileType = image.png; path = tenedor.png; sourceTree = "<group>"; };
		414308C72269EEA100F8881F /* HealthyMiPerfil2ViewController.swift */ = {isa = PBXFileReference; lastKnownFileType = sourcecode.swift; path = HealthyMiPerfil2ViewController.swift; sourceTree = "<group>"; };
		414308C82269EEA100F8881F /* HealthyMiPerfil2ViewController.xib */ = {isa = PBXFileReference; lastKnownFileType = file.xib; path = HealthyMiPerfil2ViewController.xib; sourceTree = "<group>"; };
		414E6BFF2263A27800EE02EE /* HealthyWorld.app */ = {isa = PBXFileReference; explicitFileType = wrapper.application; includeInIndex = 0; path = HealthyWorld.app; sourceTree = BUILT_PRODUCTS_DIR; };
		414E6C022263A27800EE02EE /* AppDelegate.swift */ = {isa = PBXFileReference; lastKnownFileType = sourcecode.swift; path = AppDelegate.swift; sourceTree = "<group>"; };
		414E6C072263A27800EE02EE /* Base */ = {isa = PBXFileReference; lastKnownFileType = file.storyboard; name = Base; path = Base.lproj/Main.storyboard; sourceTree = "<group>"; };
		414E6C0A2263A27800EE02EE /* HealthyWorld.xcdatamodel */ = {isa = PBXFileReference; lastKnownFileType = wrapper.xcdatamodel; path = HealthyWorld.xcdatamodel; sourceTree = "<group>"; };
		414E6C0C2263A27900EE02EE /* Assets.xcassets */ = {isa = PBXFileReference; lastKnownFileType = folder.assetcatalog; path = Assets.xcassets; sourceTree = "<group>"; };
		414E6C0F2263A27900EE02EE /* Base */ = {isa = PBXFileReference; lastKnownFileType = file.storyboard; name = Base; path = Base.lproj/LaunchScreen.storyboard; sourceTree = "<group>"; };
		414E6C112263A27900EE02EE /* Info.plist */ = {isa = PBXFileReference; lastKnownFileType = text.plist.xml; path = Info.plist; sourceTree = "<group>"; };
		414E6C172263A2D600EE02EE /* SwipingControllerExtension.swift */ = {isa = PBXFileReference; fileEncoding = 4; lastKnownFileType = sourcecode.swift; path = SwipingControllerExtension.swift; sourceTree = "<group>"; };
		414E6C182263A2D600EE02EE /* SwipingController.swift */ = {isa = PBXFileReference; fileEncoding = 4; lastKnownFileType = sourcecode.swift; path = SwipingController.swift; sourceTree = "<group>"; };
		414E6C192263A2D600EE02EE /* SwipingExtensionCollectionView.swift */ = {isa = PBXFileReference; fileEncoding = 4; lastKnownFileType = sourcecode.swift; path = SwipingExtensionCollectionView.swift; sourceTree = "<group>"; };
		414E6C1B2263A2D600EE02EE /* Page.swift */ = {isa = PBXFileReference; fileEncoding = 4; lastKnownFileType = sourcecode.swift; path = Page.swift; sourceTree = "<group>"; };
		414E6C1C2263A2D600EE02EE /* PageCell.swift */ = {isa = PBXFileReference; fileEncoding = 4; lastKnownFileType = sourcecode.swift; path = PageCell.swift; sourceTree = "<group>"; };
		414F8541229C0622008C5965 /* RutinaDetalleCollectionViewCell.swift */ = {isa = PBXFileReference; lastKnownFileType = sourcecode.swift; path = RutinaDetalleCollectionViewCell.swift; sourceTree = "<group>"; };
		414F8542229C0622008C5965 /* RutinaDetalleCollectionViewCell.xib */ = {isa = PBXFileReference; lastKnownFileType = file.xib; path = RutinaDetalleCollectionViewCell.xib; sourceTree = "<group>"; };
		414F8545229C58FB008C5965 /* HealthyRutinaTestViewController.swift */ = {isa = PBXFileReference; lastKnownFileType = sourcecode.swift; name = HealthyRutinaTestViewController.swift; path = HealthyWorld/CustomCells/HealthyRutinaTestViewController.swift; sourceTree = SOURCE_ROOT; };
		414F8546229C58FB008C5965 /* HealthyRutinaTestViewController.xib */ = {isa = PBXFileReference; lastKnownFileType = file.xib; name = HealthyRutinaTestViewController.xib; path = HealthyWorld/CustomCells/HealthyRutinaTestViewController.xib; sourceTree = SOURCE_ROOT; };
		41603D2E2274CE8300FCE0BA /* MiPerfilViewController.swift */ = {isa = PBXFileReference; fileEncoding = 4; lastKnownFileType = sourcecode.swift; path = MiPerfilViewController.swift; sourceTree = "<group>"; };
		41603D2F2274CE8300FCE0BA /* MiPerfilViewController.xib */ = {isa = PBXFileReference; fileEncoding = 4; lastKnownFileType = file.xib; path = MiPerfilViewController.xib; sourceTree = "<group>"; };
		41603D332274CFA200FCE0BA /* HealthyDietaTableViewController.swift */ = {isa = PBXFileReference; lastKnownFileType = sourcecode.swift; name = HealthyDietaTableViewController.swift; path = HealthyWorld/Controllers/HealthyDietaController/HealthyDietaTableViewController.swift; sourceTree = SOURCE_ROOT; };
		41603D342274CFA200FCE0BA /* HealthyDietaTableViewController.xib */ = {isa = PBXFileReference; lastKnownFileType = file.xib; name = HealthyDietaTableViewController.xib; path = HealthyWorld/Controllers/HealthyDietaController/HealthyDietaTableViewController.xib; sourceTree = SOURCE_ROOT; };
		41783BD62268C78C00C9EAF6 /* HealthyDietaTableViewController.swift */ = {isa = PBXFileReference; fileEncoding = 4; lastKnownFileType = sourcecode.swift; name = HealthyDietaTableViewController.swift; path = HealthyWorld/Controllers/HealthyDietaController/HealthyDietaTableViewController.swift; sourceTree = SOURCE_ROOT; };
		41783BD72268C78C00C9EAF6 /* HealthyDietaTableViewController.xib */ = {isa = PBXFileReference; fileEncoding = 4; lastKnownFileType = file.xib; name = HealthyDietaTableViewController.xib; path = HealthyWorld/Controllers/HealthyDietaController/HealthyDietaTableViewController.xib; sourceTree = SOURCE_ROOT; };
		41783BDB2268C7AC00C9EAF6 /* DetailRutinaPage1ViewController.swift */ = {isa = PBXFileReference; fileEncoding = 4; lastKnownFileType = sourcecode.swift; name = DetailRutinaPage1ViewController.swift; path = HealthyWorld/Controllers/HealthyDescriptionRutina/DetailRutinaPage1ViewController.swift; sourceTree = SOURCE_ROOT; };
		41783BDC2268C7AC00C9EAF6 /* DetailRutinaPage1ViewController.xib */ = {isa = PBXFileReference; fileEncoding = 4; lastKnownFileType = file.xib; name = DetailRutinaPage1ViewController.xib; path = HealthyWorld/Controllers/HealthyDescriptionRutina/DetailRutinaPage1ViewController.xib; sourceTree = SOURCE_ROOT; };
		41783BE02268C7CA00C9EAF6 /* HealthyMenuTabController.swift */ = {isa = PBXFileReference; fileEncoding = 4; lastKnownFileType = sourcecode.swift; name = HealthyMenuTabController.swift; path = HealthyWorld/Controllers/HealthyMainMenuTabBar/HealthyMenuTabController.swift; sourceTree = SOURCE_ROOT; };
		41783BE12268C7CA00C9EAF6 /* RutinasCollectionViewController.swift */ = {isa = PBXFileReference; fileEncoding = 4; lastKnownFileType = sourcecode.swift; name = RutinasCollectionViewController.swift; path = HealthyWorld/Controllers/HealthyMainMenuTabBar/RutinasCollectionViewController.swift; sourceTree = SOURCE_ROOT; };
		41783BE22268C7CA00C9EAF6 /* RutinasCollectionViewController.xib */ = {isa = PBXFileReference; fileEncoding = 4; lastKnownFileType = file.xib; name = RutinasCollectionViewController.xib; path = HealthyWorld/Controllers/HealthyMainMenuTabBar/RutinasCollectionViewController.xib; sourceTree = SOURCE_ROOT; };
		41783BE72268C7EE00C9EAF6 /* HealthyRutinaViewController.swift */ = {isa = PBXFileReference; fileEncoding = 4; lastKnownFileType = sourcecode.swift; name = HealthyRutinaViewController.swift; path = HealthyWorld/Controllers/HealthyRutinaViewController/HealthyRutinaViewController.swift; sourceTree = SOURCE_ROOT; };
		41783BE82268C7EE00C9EAF6 /* HealthyRutinaViewController.xib */ = {isa = PBXFileReference; fileEncoding = 4; lastKnownFileType = file.xib; name = HealthyRutinaViewController.xib; path = HealthyWorld/Controllers/HealthyRutinaViewController/HealthyRutinaViewController.xib; sourceTree = SOURCE_ROOT; };
		41783BEC2268C80500C9EAF6 /* DataRoutine.swift */ = {isa = PBXFileReference; fileEncoding = 4; lastKnownFileType = sourcecode.swift; path = DataRoutine.swift; sourceTree = "<group>"; };
		41783BEE2268C81400C9EAF6 /* RutinaTableViewCell.xib */ = {isa = PBXFileReference; fileEncoding = 4; lastKnownFileType = file.xib; path = RutinaTableViewCell.xib; sourceTree = "<group>"; };
		41783BEF2268C81400C9EAF6 /* RutinaCollectionViewCell.xib */ = {isa = PBXFileReference; fileEncoding = 4; lastKnownFileType = file.xib; path = RutinaCollectionViewCell.xib; sourceTree = "<group>"; };
		41783BF02268C81500C9EAF6 /* RutinaTableViewCell.swift */ = {isa = PBXFileReference; fileEncoding = 4; lastKnownFileType = sourcecode.swift; path = RutinaTableViewCell.swift; sourceTree = "<group>"; };
		41783BF12268C81500C9EAF6 /* RutinaCollectionViewCell.swift */ = {isa = PBXFileReference; fileEncoding = 4; lastKnownFileType = sourcecode.swift; path = RutinaCollectionViewCell.swift; sourceTree = "<group>"; };
		41783BF72268C85600C9EAF6 /* RutinaDetailCustomView.xib */ = {isa = PBXFileReference; fileEncoding = 4; lastKnownFileType = file.xib; name = RutinaDetailCustomView.xib; path = HealthyWorld/CustomViews/RutinaDetailCustomView.xib; sourceTree = SOURCE_ROOT; };
		41783BF82268C85600C9EAF6 /* RutinaDetailCustomView.swift */ = {isa = PBXFileReference; fileEncoding = 4; lastKnownFileType = sourcecode.swift; name = RutinaDetailCustomView.swift; path = HealthyWorld/CustomViews/RutinaDetailCustomView.swift; sourceTree = SOURCE_ROOT; };
		41783BF92268C85600C9EAF6 /* CustomTableView.swift */ = {isa = PBXFileReference; fileEncoding = 4; lastKnownFileType = sourcecode.swift; name = CustomTableView.swift; path = HealthyWorld/CustomViews/CustomTableView/CustomTableView.swift; sourceTree = SOURCE_ROOT; };
		41783BFA2268C85600C9EAF6 /* CustomTableView.xib */ = {isa = PBXFileReference; fileEncoding = 4; lastKnownFileType = file.xib; name = CustomTableView.xib; path = HealthyWorld/CustomViews/CustomTableView/CustomTableView.xib; sourceTree = SOURCE_ROOT; };
		41783BFF2268C87100C9EAF6 /* VideoView.swift */ = {isa = PBXFileReference; fileEncoding = 4; lastKnownFileType = sourcecode.swift; name = VideoView.swift; path = HealthyWorld/CustomViews/CustomVideoView/VideoView.swift; sourceTree = SOURCE_ROOT; };
		41783C012268C8AF00C9EAF6 /* HealthyProfilePickerExtension.swift */ = {isa = PBXFileReference; fileEncoding = 4; lastKnownFileType = sourcecode.swift; path = HealthyProfilePickerExtension.swift; sourceTree = "<group>"; };
		41783C022268C8AF00C9EAF6 /* HealthyProfile2ViewController.xib */ = {isa = PBXFileReference; fileEncoding = 4; lastKnownFileType = file.xib; path = HealthyProfile2ViewController.xib; sourceTree = "<group>"; };
		41783C032268C8AF00C9EAF6 /* HealthyProfile2ViewController.swift */ = {isa = PBXFileReference; fileEncoding = 4; lastKnownFileType = sourcecode.swift; path = HealthyProfile2ViewController.swift; sourceTree = "<group>"; };
		41783C072268C8D300C9EAF6 /* buendia.mp4 */ = {isa = PBXFileReference; lastKnownFileType = file; path = buendia.mp4; sourceTree = "<group>"; };
		417C96002299C7C90016479A /* RutinaDetalleViewController.swift */ = {isa = PBXFileReference; lastKnownFileType = sourcecode.swift; name = RutinaDetalleViewController.swift; path = HealthyWorld/Controllers/HealthyRutinaViewController/RutinaDetalleViewController.swift; sourceTree = SOURCE_ROOT; };
		417C96012299C7C90016479A /* RutinaDetalleViewController.xib */ = {isa = PBXFileReference; lastKnownFileType = file.xib; name = RutinaDetalleViewController.xib; path = HealthyWorld/Controllers/HealthyRutinaViewController/RutinaDetalleViewController.xib; sourceTree = SOURCE_ROOT; };
		417C96042299C9710016479A /* pechoEjer.jpg */ = {isa = PBXFileReference; lastKnownFileType = image.jpeg; path = pechoEjer.jpg; sourceTree = "<group>"; };
		4192862722648D4200953634 /* HealthyProfileViewController.swift */ = {isa = PBXFileReference; lastKnownFileType = sourcecode.swift; path = HealthyProfileViewController.swift; sourceTree = "<group>"; };
		4192862822648D4200953634 /* HealthyProfileViewController.xib */ = {isa = PBXFileReference; lastKnownFileType = file.xib; path = HealthyProfileViewController.xib; sourceTree = "<group>"; };
		4192862B22651B2300953634 /* User.swift */ = {isa = PBXFileReference; lastKnownFileType = sourcecode.swift; path = User.swift; sourceTree = "<group>"; };
		41B7A5432268D020000BD78D /* pierna.jpg */ = {isa = PBXFileReference; lastKnownFileType = image.jpeg; path = pierna.jpg; sourceTree = "<group>"; };
		41B7A5442268D020000BD78D /* video.mp4 */ = {isa = PBXFileReference; lastKnownFileType = file; path = video.mp4; sourceTree = "<group>"; };
		41B7A5452268D020000BD78D /* Podfile */ = {isa = PBXFileReference; fileEncoding = 4; lastKnownFileType = text; path = Podfile; sourceTree = "<group>"; };
		41B7A5462268D020000BD78D /* video2.mp4 */ = {isa = PBXFileReference; lastKnownFileType = file; path = video2.mp4; sourceTree = "<group>"; };
		41B7A5472268D020000BD78D /* conejo.mp4 */ = {isa = PBXFileReference; lastKnownFileType = file; path = conejo.mp4; sourceTree = "<group>"; };
		41B7A5482268D021000BD78D /* Podfile.lock */ = {isa = PBXFileReference; fileEncoding = 4; lastKnownFileType = text; path = Podfile.lock; sourceTree = "<group>"; };
		41B8A852229327E900C09A9D /* DietaTableViewCell.swift */ = {isa = PBXFileReference; lastKnownFileType = sourcecode.swift; path = DietaTableViewCell.swift; sourceTree = "<group>"; };
		41B8A853229327E900C09A9D /* DietaTableViewCell.xib */ = {isa = PBXFileReference; lastKnownFileType = file.xib; path = DietaTableViewCell.xib; sourceTree = "<group>"; };
		4D4BBEB6D8D44836551323F9 /* Pods_HealthyWorld.framework */ = {isa = PBXFileReference; explicitFileType = wrapper.framework; includeInIndex = 0; path = Pods_HealthyWorld.framework; sourceTree = BUILT_PRODUCTS_DIR; };
		5072670994DC8371C0A70B2D /* Pods-HealthyWorld.debug.xcconfig */ = {isa = PBXFileReference; includeInIndex = 1; lastKnownFileType = text.xcconfig; name = "Pods-HealthyWorld.debug.xcconfig"; path = "Pods/Target Support Files/Pods-HealthyWorld/Pods-HealthyWorld.debug.xcconfig"; sourceTree = "<group>"; };
		6207DFF322842EDD005CEE03 /* HeaderComidasTableViewCell.swift */ = {isa = PBXFileReference; lastKnownFileType = sourcecode.swift; path = HeaderComidasTableViewCell.swift; sourceTree = "<group>"; };
		6207DFF422842EDD005CEE03 /* HeaderComidasTableViewCell.xib */ = {isa = PBXFileReference; lastKnownFileType = file.xib; path = HeaderComidasTableViewCell.xib; sourceTree = "<group>"; };
		620B22C3227C65D00024F581 /* HealthyARViewController.swift */ = {isa = PBXFileReference; lastKnownFileType = sourcecode.swift; path = HealthyARViewController.swift; sourceTree = "<group>"; };
		620B22C4227C65D00024F581 /* HealthyARViewController.xib */ = {isa = PBXFileReference; lastKnownFileType = file.xib; path = HealthyARViewController.xib; sourceTree = "<group>"; };
		62FA15DF229428CE00C846AC /* HealthyDietaCreadaViewController.swift */ = {isa = PBXFileReference; lastKnownFileType = sourcecode.swift; name = HealthyDietaCreadaViewController.swift; path = HealthyWorld/Controllers/HealthyDietaController/HealthyDietaCreadaViewController.swift; sourceTree = SOURCE_ROOT; };
		62FA15E0229428CE00C846AC /* HealthyDietaCreadaViewController.xib */ = {isa = PBXFileReference; lastKnownFileType = file.xib; name = HealthyDietaCreadaViewController.xib; path = HealthyWorld/Controllers/HealthyDietaController/HealthyDietaCreadaViewController.xib; sourceTree = SOURCE_ROOT; };
		62FE5552228564EE004909B1 /* CustomHeaderFood.xib */ = {isa = PBXFileReference; fileEncoding = 4; lastKnownFileType = file.xib; name = CustomHeaderFood.xib; path = HealthyWorld/CustomViews/CustomHeaderFood.xib; sourceTree = SOURCE_ROOT; };
		62FE5553228564EF004909B1 /* CustomHeaderFood.swift */ = {isa = PBXFileReference; fileEncoding = 4; lastKnownFileType = sourcecode.swift; name = CustomHeaderFood.swift; path = HealthyWorld/CustomViews/CustomHeaderFood.swift; sourceTree = SOURCE_ROOT; };
		62FE555622856561004909B1 /* GradientView.swift */ = {isa = PBXFileReference; fileEncoding = 4; lastKnownFileType = sourcecode.swift; name = GradientView.swift; path = HealthyWorld/CustomViews/GradientView.swift; sourceTree = SOURCE_ROOT; };
		62FE555822856C99004909B1 /* Dieta.swift */ = {isa = PBXFileReference; lastKnownFileType = sourcecode.swift; path = Dieta.swift; sourceTree = "<group>"; };
		62FE555A22857A4A004909B1 /* HealthyMiDietaViewController.swift */ = {isa = PBXFileReference; lastKnownFileType = sourcecode.swift; name = HealthyMiDietaViewController.swift; path = HealthyWorld/Controllers/HealthyDietaController/HealthyMiDietaViewController.swift; sourceTree = SOURCE_ROOT; };
		62FE555B22857A4A004909B1 /* HealthyMiDietaViewController.xib */ = {isa = PBXFileReference; lastKnownFileType = file.xib; name = HealthyMiDietaViewController.xib; path = HealthyWorld/Controllers/HealthyDietaController/HealthyMiDietaViewController.xib; sourceTree = SOURCE_ROOT; };
		62FE555F22859385004909B1 /* UserManager.swift */ = {isa = PBXFileReference; lastKnownFileType = sourcecode.swift; path = UserManager.swift; sourceTree = "<group>"; };
		73ACCFE52131E4116CBC0B42 /* Pods-HealthyWorld.release.xcconfig */ = {isa = PBXFileReference; includeInIndex = 1; lastKnownFileType = text.xcconfig; name = "Pods-HealthyWorld.release.xcconfig"; path = "Pods/Target Support Files/Pods-HealthyWorld/Pods-HealthyWorld.release.xcconfig"; sourceTree = "<group>"; };
/* End PBXFileReference section */

/* Begin PBXFrameworksBuildPhase section */
		414E6BFC2263A27800EE02EE /* Frameworks */ = {
			isa = PBXFrameworksBuildPhase;
			buildActionMask = 2147483647;
			files = (
				E576CC475ADBA5764571FFDA /* Pods_HealthyWorld.framework in Frameworks */,
			);
			runOnlyForDeploymentPostprocessing = 0;
		};
/* End PBXFrameworksBuildPhase section */

/* Begin PBXGroup section */
		076FBB1CF80BB08862719CED /* Frameworks */ = {
			isa = PBXGroup;
			children = (
				4D4BBEB6D8D44836551323F9 /* Pods_HealthyWorld.framework */,
			);
			name = Frameworks;
			sourceTree = "<group>";
		};
		414308C62269EE6D00F8881F /* HealthyPerfilDetail */ = {
			isa = PBXGroup;
			children = (
				41603D2E2274CE8300FCE0BA /* MiPerfilViewController.swift */,
				41603D2F2274CE8300FCE0BA /* MiPerfilViewController.xib */,
				414308C72269EEA100F8881F /* HealthyMiPerfil2ViewController.swift */,
				414308C82269EEA100F8881F /* HealthyMiPerfil2ViewController.xib */,
			);
			path = HealthyPerfilDetail;
			sourceTree = "<group>";
		};
		414E6BF62263A27800EE02EE = {
			isa = PBXGroup;
			children = (
				41B7A5472268D020000BD78D /* conejo.mp4 */,
				41B7A5432268D020000BD78D /* pierna.jpg */,
				41B7A5452268D020000BD78D /* Podfile */,
				41B7A5482268D021000BD78D /* Podfile.lock */,
				41B7A5442268D020000BD78D /* video.mp4 */,
				41B7A5462268D020000BD78D /* video2.mp4 */,
				41783C072268C8D300C9EAF6 /* buendia.mp4 */,
				414E6C012263A27800EE02EE /* HealthyWorld */,
				414E6C002263A27800EE02EE /* Products */,
				B80D077DB2C08AFC55E7CED9 /* Pods */,
				076FBB1CF80BB08862719CED /* Frameworks */,
			);
			sourceTree = "<group>";
		};
		414E6C002263A27800EE02EE /* Products */ = {
			isa = PBXGroup;
			children = (
				414E6BFF2263A27800EE02EE /* HealthyWorld.app */,
			);
			name = Products;
			sourceTree = "<group>";
		};
		414E6C012263A27800EE02EE /* HealthyWorld */ = {
			isa = PBXGroup;
			children = (
				62FE555E2285936C004909B1 /* Singleton */,
				41783BF62268C82200C9EAF6 /* CustomViews */,
				414E6C252263A3A000EE02EE /* CustomCells */,
				414E6C242263A37D00EE02EE /* Models */,
				414E6C232263A37400EE02EE /* Controllers */,
				414E6C022263A27800EE02EE /* AppDelegate.swift */,
				414E6C062263A27800EE02EE /* Main.storyboard */,
				414E6C0C2263A27900EE02EE /* Assets.xcassets */,
				413CB262229EE45C00467956 /* tenedor.png */,
				417C96042299C9710016479A /* pechoEjer.jpg */,
				414E6C0E2263A27900EE02EE /* LaunchScreen.storyboard */,
				414E6C112263A27900EE02EE /* Info.plist */,
				414E6C092263A27800EE02EE /* HealthyWorld.xcdatamodeld */,
			);
			path = HealthyWorld;
			sourceTree = "<group>";
		};
		414E6C232263A37400EE02EE /* Controllers */ = {
			isa = PBXGroup;
			children = (
				620B22C2227C652A0024F581 /* HealthyARController */,
				41603D322274CF3E00FCE0BA /* HealthyDietaController */,
				414308C62269EE6D00F8881F /* HealthyPerfilDetail */,
				41783BE62268C7D800C9EAF6 /* HealthyRutinaViewController */,
				41783BDF2268C7B200C9EAF6 /* HealthyMainMenuTabBar */,
				41783BDA2268C79400C9EAF6 /* HealthyDescriptionRutina */,
				41783BD52268C76E00C9EAF6 /* HealthyDietaController */,
				4192862622648CF600953634 /* HealthyProfile */,
				414E6C262263A3C100EE02EE /* HealthySwipeIntro */,
			);
			path = Controllers;
			sourceTree = "<group>";
		};
		414E6C242263A37D00EE02EE /* Models */ = {
			isa = PBXGroup;
			children = (
				41783BEC2268C80500C9EAF6 /* DataRoutine.swift */,
				4192862B22651B2300953634 /* User.swift */,
				62FE555822856C99004909B1 /* Dieta.swift */,
			);
			path = Models;
			sourceTree = "<group>";
		};
		414E6C252263A3A000EE02EE /* CustomCells */ = {
			isa = PBXGroup;
			children = (
				41783BF12268C81500C9EAF6 /* RutinaCollectionViewCell.swift */,
				41783BEF2268C81400C9EAF6 /* RutinaCollectionViewCell.xib */,
				41783BF02268C81500C9EAF6 /* RutinaTableViewCell.swift */,
				41783BEE2268C81400C9EAF6 /* RutinaTableViewCell.xib */,
				414E6C1C2263A2D600EE02EE /* PageCell.swift */,
				6207DFF322842EDD005CEE03 /* HeaderComidasTableViewCell.swift */,
				6207DFF422842EDD005CEE03 /* HeaderComidasTableViewCell.xib */,
				41B8A852229327E900C09A9D /* DietaTableViewCell.swift */,
				41B8A853229327E900C09A9D /* DietaTableViewCell.xib */,
				414F8541229C0622008C5965 /* RutinaDetalleCollectionViewCell.swift */,
				414F8542229C0622008C5965 /* RutinaDetalleCollectionViewCell.xib */,
			);
			path = CustomCells;
			sourceTree = "<group>";
		};
		414E6C262263A3C100EE02EE /* HealthySwipeIntro */ = {
			isa = PBXGroup;
			children = (
				414E6C1B2263A2D600EE02EE /* Page.swift */,
				414E6C182263A2D600EE02EE /* SwipingController.swift */,
				414E6C172263A2D600EE02EE /* SwipingControllerExtension.swift */,
				414E6C192263A2D600EE02EE /* SwipingExtensionCollectionView.swift */,
			);
			path = HealthySwipeIntro;
			sourceTree = "<group>";
		};
		41603D322274CF3E00FCE0BA /* HealthyDietaController */ = {
			isa = PBXGroup;
			children = (
				41603D332274CFA200FCE0BA /* HealthyDietaTableViewController.swift */,
				41603D342274CFA200FCE0BA /* HealthyDietaTableViewController.xib */,
				62FE555A22857A4A004909B1 /* HealthyMiDietaViewController.swift */,
				62FE555B22857A4A004909B1 /* HealthyMiDietaViewController.xib */,
				62FA15DF229428CE00C846AC /* HealthyDietaCreadaViewController.swift */,
				62FA15E0229428CE00C846AC /* HealthyDietaCreadaViewController.xib */,
			);
			name = HealthyDietaController;
			path = "New Group";
			sourceTree = "<group>";
		};
		41783BD52268C76E00C9EAF6 /* HealthyDietaController */ = {
			isa = PBXGroup;
			children = (
				41783BD62268C78C00C9EAF6 /* HealthyDietaTableViewController.swift */,
				41783BD72268C78C00C9EAF6 /* HealthyDietaTableViewController.xib */,
			);
			name = HealthyDietaController;
			path = "New Group";
			sourceTree = "<group>";
		};
		41783BDA2268C79400C9EAF6 /* HealthyDescriptionRutina */ = {
			isa = PBXGroup;
			children = (
				41783BDB2268C7AC00C9EAF6 /* DetailRutinaPage1ViewController.swift */,
				41783BDC2268C7AC00C9EAF6 /* DetailRutinaPage1ViewController.xib */,
			);
			name = HealthyDescriptionRutina;
			path = "New Group1";
			sourceTree = "<group>";
		};
		41783BDF2268C7B200C9EAF6 /* HealthyMainMenuTabBar */ = {
			isa = PBXGroup;
			children = (
				41783BE02268C7CA00C9EAF6 /* HealthyMenuTabController.swift */,
				41783BE12268C7CA00C9EAF6 /* RutinasCollectionViewController.swift */,
				41783BE22268C7CA00C9EAF6 /* RutinasCollectionViewController.xib */,
			);
			name = HealthyMainMenuTabBar;
			path = "New Group2";
			sourceTree = "<group>";
		};
		41783BE62268C7D800C9EAF6 /* HealthyRutinaViewController */ = {
			isa = PBXGroup;
			children = (
				41783BE72268C7EE00C9EAF6 /* HealthyRutinaViewController.swift */,
				41783BE82268C7EE00C9EAF6 /* HealthyRutinaViewController.xib */,
				417C96002299C7C90016479A /* RutinaDetalleViewController.swift */,
				417C96012299C7C90016479A /* RutinaDetalleViewController.xib */,
				414F8545229C58FB008C5965 /* HealthyRutinaTestViewController.swift */,
				414F8546229C58FB008C5965 /* HealthyRutinaTestViewController.xib */,
			);
			name = HealthyRutinaViewController;
			path = "New Group3";
			sourceTree = "<group>";
		};
		41783BF62268C82200C9EAF6 /* CustomViews */ = {
			isa = PBXGroup;
			children = (
				62FE555622856561004909B1 /* GradientView.swift */,
				62FE5553228564EF004909B1 /* CustomHeaderFood.swift */,
				62FE5552228564EE004909B1 /* CustomHeaderFood.xib */,
				41783BFF2268C87100C9EAF6 /* VideoView.swift */,
				41783BF92268C85600C9EAF6 /* CustomTableView.swift */,
				41783BFA2268C85600C9EAF6 /* CustomTableView.xib */,
				41783BF82268C85600C9EAF6 /* RutinaDetailCustomView.swift */,
				41783BF72268C85600C9EAF6 /* RutinaDetailCustomView.xib */,
			);
			name = CustomViews;
			path = "New Group";
			sourceTree = "<group>";
		};
		4192862622648CF600953634 /* HealthyProfile */ = {
			isa = PBXGroup;
			children = (
				41783C032268C8AF00C9EAF6 /* HealthyProfile2ViewController.swift */,
				41783C022268C8AF00C9EAF6 /* HealthyProfile2ViewController.xib */,
				41783C012268C8AF00C9EAF6 /* HealthyProfilePickerExtension.swift */,
				4192862722648D4200953634 /* HealthyProfileViewController.swift */,
				4192862822648D4200953634 /* HealthyProfileViewController.xib */,
			);
			path = HealthyProfile;
			sourceTree = "<group>";
		};
		620B22C2227C652A0024F581 /* HealthyARController */ = {
			isa = PBXGroup;
			children = (
				620B22C3227C65D00024F581 /* HealthyARViewController.swift */,
				620B22C4227C65D00024F581 /* HealthyARViewController.xib */,
			);
			path = HealthyARController;
			sourceTree = "<group>";
		};
		62FE555E2285936C004909B1 /* Singleton */ = {
			isa = PBXGroup;
			children = (
				62FE555F22859385004909B1 /* UserManager.swift */,
			);
			path = Singleton;
			sourceTree = "<group>";
		};
		B80D077DB2C08AFC55E7CED9 /* Pods */ = {
			isa = PBXGroup;
			children = (
				5072670994DC8371C0A70B2D /* Pods-HealthyWorld.debug.xcconfig */,
				73ACCFE52131E4116CBC0B42 /* Pods-HealthyWorld.release.xcconfig */,
			);
			name = Pods;
			sourceTree = "<group>";
		};
/* End PBXGroup section */

/* Begin PBXNativeTarget section */
		414E6BFE2263A27800EE02EE /* HealthyWorld */ = {
			isa = PBXNativeTarget;
			buildConfigurationList = 414E6C142263A27900EE02EE /* Build configuration list for PBXNativeTarget "HealthyWorld" */;
			buildPhases = (
				0201FAA65C36FA8F4FE6091C /* [CP] Check Pods Manifest.lock */,
				414E6BFB2263A27800EE02EE /* Sources */,
				414E6BFC2263A27800EE02EE /* Frameworks */,
				414E6BFD2263A27800EE02EE /* Resources */,
				F1811080E805BD504F64AD5F /* [CP] Embed Pods Frameworks */,
			);
			buildRules = (
			);
			dependencies = (
			);
			name = HealthyWorld;
			productName = HealthyWorld;
			productReference = 414E6BFF2263A27800EE02EE /* HealthyWorld.app */;
			productType = "com.apple.product-type.application";
		};
/* End PBXNativeTarget section */

/* Begin PBXProject section */
		414E6BF72263A27800EE02EE /* Project object */ = {
			isa = PBXProject;
			attributes = {
				LastSwiftUpdateCheck = 1010;
				LastUpgradeCheck = 1010;
				ORGANIZATIONNAME = "Jorge Martin Reyero";
				TargetAttributes = {
					414E6BFE2263A27800EE02EE = {
						CreatedOnToolsVersion = 10.1;
					};
				};
			};
			buildConfigurationList = 414E6BFA2263A27800EE02EE /* Build configuration list for PBXProject "HealthyWorld" */;
			compatibilityVersion = "Xcode 9.3";
			developmentRegion = en;
			hasScannedForEncodings = 0;
			knownRegions = (
				en,
				Base,
			);
			mainGroup = 414E6BF62263A27800EE02EE;
			productRefGroup = 414E6C002263A27800EE02EE /* Products */;
			projectDirPath = "";
			projectRoot = "";
			targets = (
				414E6BFE2263A27800EE02EE /* HealthyWorld */,
			);
		};
/* End PBXProject section */

/* Begin PBXResourcesBuildPhase section */
		414E6BFD2263A27800EE02EE /* Resources */ = {
			isa = PBXResourcesBuildPhase;
			buildActionMask = 2147483647;
			files = (
				41603D362274CFA200FCE0BA /* HealthyDietaTableViewController.xib in Resources */,
				41B7A54B2268D021000BD78D /* Podfile in Resources */,
				414308CA2269EEA100F8881F /* HealthyMiPerfil2ViewController.xib in Resources */,
				417C96052299C9710016479A /* pechoEjer.jpg in Resources */,
				41783C052268C8AF00C9EAF6 /* HealthyProfile2ViewController.xib in Resources */,
				62FA15E2229428CE00C846AC /* HealthyDietaCreadaViewController.xib in Resources */,
				41B7A54E2268D021000BD78D /* Podfile.lock in Resources */,
				4192862A22648D4200953634 /* HealthyProfileViewController.xib in Resources */,
				41783BEA2268C7EE00C9EAF6 /* HealthyRutinaViewController.xib in Resources */,
				41783BE52268C7CA00C9EAF6 /* RutinasCollectionViewController.xib in Resources */,
				414E6C102263A27900EE02EE /* LaunchScreen.storyboard in Resources */,
				41B7A54D2268D021000BD78D /* conejo.mp4 in Resources */,
				414E6C0D2263A27900EE02EE /* Assets.xcassets in Resources */,
				41783BDE2268C7AC00C9EAF6 /* DetailRutinaPage1ViewController.xib in Resources */,
				417C96032299C7C90016479A /* RutinaDetalleViewController.xib in Resources */,
				6207DFF622842EDD005CEE03 /* HeaderComidasTableViewCell.xib in Resources */,
				41B8A855229327E900C09A9D /* DietaTableViewCell.xib in Resources */,
				414F8544229C0622008C5965 /* RutinaDetalleCollectionViewCell.xib in Resources */,
				41783BFE2268C85600C9EAF6 /* CustomTableView.xib in Resources */,
				41783C082268C8D300C9EAF6 /* buendia.mp4 in Resources */,
				41783BF22268C81500C9EAF6 /* RutinaTableViewCell.xib in Resources */,
				41B7A5492268D021000BD78D /* pierna.jpg in Resources */,
				41783BD92268C78C00C9EAF6 /* HealthyDietaTableViewController.xib in Resources */,
				41603D312274CE8300FCE0BA /* MiPerfilViewController.xib in Resources */,
				414E6C082263A27800EE02EE /* Main.storyboard in Resources */,
				41B7A54C2268D021000BD78D /* video2.mp4 in Resources */,
				41783BFB2268C85600C9EAF6 /* RutinaDetailCustomView.xib in Resources */,
				413CB263229EE45C00467956 /* tenedor.png in Resources */,
				620B22C6227C65D00024F581 /* HealthyARViewController.xib in Resources */,
				62FE555D22857A4A004909B1 /* HealthyMiDietaViewController.xib in Resources */,
				62FE5554228564F0004909B1 /* CustomHeaderFood.xib in Resources */,
				41783BF32268C81500C9EAF6 /* RutinaCollectionViewCell.xib in Resources */,
				414F8548229C58FB008C5965 /* HealthyRutinaTestViewController.xib in Resources */,
				41B7A54A2268D021000BD78D /* video.mp4 in Resources */,
			);
			runOnlyForDeploymentPostprocessing = 0;
		};
/* End PBXResourcesBuildPhase section */

/* Begin PBXShellScriptBuildPhase section */
		0201FAA65C36FA8F4FE6091C /* [CP] Check Pods Manifest.lock */ = {
			isa = PBXShellScriptBuildPhase;
			buildActionMask = 2147483647;
			files = (
			);
			inputPaths = (
				"${PODS_PODFILE_DIR_PATH}/Podfile.lock",
				"${PODS_ROOT}/Manifest.lock",
			);
			name = "[CP] Check Pods Manifest.lock";
			outputPaths = (
				"$(DERIVED_FILE_DIR)/Pods-HealthyWorld-checkManifestLockResult.txt",
			);
			runOnlyForDeploymentPostprocessing = 0;
			shellPath = /bin/sh;
			shellScript = "diff \"${PODS_PODFILE_DIR_PATH}/Podfile.lock\" \"${PODS_ROOT}/Manifest.lock\" > /dev/null\nif [ $? != 0 ] ; then\n    # print error to STDERR\n    echo \"error: The sandbox is not in sync with the Podfile.lock. Run 'pod install' or update your CocoaPods installation.\" >&2\n    exit 1\nfi\n# This output is used by Xcode 'outputs' to avoid re-running this script phase.\necho \"SUCCESS\" > \"${SCRIPT_OUTPUT_FILE_0}\"\n";
			showEnvVarsInLog = 0;
		};
		F1811080E805BD504F64AD5F /* [CP] Embed Pods Frameworks */ = {
			isa = PBXShellScriptBuildPhase;
			buildActionMask = 2147483647;
			files = (
			);
			inputPaths = (
				"${PODS_ROOT}/Target Support Files/Pods-HealthyWorld/Pods-HealthyWorld-frameworks.sh",
				"${BUILT_PRODUCTS_DIR}/AnimatedGradientView/AnimatedGradientView.framework",
				"${BUILT_PRODUCTS_DIR}/RKPieChart/RKPieChart.framework",
				"${BUILT_PRODUCTS_DIR}/SCLAlertView/SCLAlertView.framework",
				"${BUILT_PRODUCTS_DIR}/SwiftConfettiView/SwiftConfettiView.framework",
				"${BUILT_PRODUCTS_DIR}/SwiftSpinner/SwiftSpinner.framework",
				"${BUILT_PRODUCTS_DIR}/VACalendar/VACalendar.framework",
				"${BUILT_PRODUCTS_DIR}/WBCollectionViewLayout/WBCollectionViewLayout.framework",
			);
			name = "[CP] Embed Pods Frameworks";
			outputPaths = (
				"${TARGET_BUILD_DIR}/${FRAMEWORKS_FOLDER_PATH}/AnimatedGradientView.framework",
				"${TARGET_BUILD_DIR}/${FRAMEWORKS_FOLDER_PATH}/RKPieChart.framework",
				"${TARGET_BUILD_DIR}/${FRAMEWORKS_FOLDER_PATH}/SCLAlertView.framework",
				"${TARGET_BUILD_DIR}/${FRAMEWORKS_FOLDER_PATH}/SwiftConfettiView.framework",
				"${TARGET_BUILD_DIR}/${FRAMEWORKS_FOLDER_PATH}/SwiftSpinner.framework",
				"${TARGET_BUILD_DIR}/${FRAMEWORKS_FOLDER_PATH}/VACalendar.framework",
				"${TARGET_BUILD_DIR}/${FRAMEWORKS_FOLDER_PATH}/WBCollectionViewLayout.framework",
			);
			runOnlyForDeploymentPostprocessing = 0;
			shellPath = /bin/sh;
			shellScript = "\"${PODS_ROOT}/Target Support Files/Pods-HealthyWorld/Pods-HealthyWorld-frameworks.sh\"\n";
			showEnvVarsInLog = 0;
		};
/* End PBXShellScriptBuildPhase section */

/* Begin PBXSourcesBuildPhase section */
		414E6BFB2263A27800EE02EE /* Sources */ = {
			isa = PBXSourcesBuildPhase;
			buildActionMask = 2147483647;
			files = (
				41783BE32268C7CA00C9EAF6 /* HealthyMenuTabController.swift in Sources */,
				41783BFD2268C85600C9EAF6 /* CustomTableView.swift in Sources */,
				417C96022299C7C90016479A /* RutinaDetalleViewController.swift in Sources */,
				62FE555722856561004909B1 /* GradientView.swift in Sources */,
				414E6C1D2263A2D600EE02EE /* SwipingControllerExtension.swift in Sources */,
				6207DFF522842EDD005CEE03 /* HeaderComidasTableViewCell.swift in Sources */,
				41783C062268C8AF00C9EAF6 /* HealthyProfile2ViewController.swift in Sources */,
				41783BED2268C80600C9EAF6 /* DataRoutine.swift in Sources */,
				41783BFC2268C85600C9EAF6 /* RutinaDetailCustomView.swift in Sources */,
				414F8543229C0622008C5965 /* RutinaDetalleCollectionViewCell.swift in Sources */,
				41603D302274CE8300FCE0BA /* MiPerfilViewController.swift in Sources */,
				41783BE42268C7CA00C9EAF6 /* RutinasCollectionViewController.swift in Sources */,
				41783C042268C8AF00C9EAF6 /* HealthyProfilePickerExtension.swift in Sources */,
				414E6C0B2263A27800EE02EE /* HealthyWorld.xcdatamodeld in Sources */,
				414E6C1F2263A2D600EE02EE /* SwipingExtensionCollectionView.swift in Sources */,
				41783BF52268C81500C9EAF6 /* RutinaCollectionViewCell.swift in Sources */,
				62FE5555228564F0004909B1 /* CustomHeaderFood.swift in Sources */,
				41783BE92268C7EE00C9EAF6 /* HealthyRutinaViewController.swift in Sources */,
				62FE556022859385004909B1 /* UserManager.swift in Sources */,
				414E6C212263A2D600EE02EE /* Page.swift in Sources */,
				4192862922648D4200953634 /* HealthyProfileViewController.swift in Sources */,
				620B22C5227C65D00024F581 /* HealthyARViewController.swift in Sources */,
				4192862C22651B2300953634 /* User.swift in Sources */,
				414308C92269EEA100F8881F /* HealthyMiPerfil2ViewController.swift in Sources */,
				62FE555C22857A4A004909B1 /* HealthyMiDietaViewController.swift in Sources */,
				414F8547229C58FB008C5965 /* HealthyRutinaTestViewController.swift in Sources */,
				62FE555922856C99004909B1 /* Dieta.swift in Sources */,
				41603D352274CFA200FCE0BA /* HealthyDietaTableViewController.swift in Sources */,
				41783BF42268C81500C9EAF6 /* RutinaTableViewCell.swift in Sources */,
				41783BDD2268C7AC00C9EAF6 /* DetailRutinaPage1ViewController.swift in Sources */,
				414E6C032263A27800EE02EE /* AppDelegate.swift in Sources */,
				41B8A854229327E900C09A9D /* DietaTableViewCell.swift in Sources */,
				41783C002268C87100C9EAF6 /* VideoView.swift in Sources */,
				41783BD82268C78C00C9EAF6 /* HealthyDietaTableViewController.swift in Sources */,
				414E6C222263A2D600EE02EE /* PageCell.swift in Sources */,
				62FA15E1229428CE00C846AC /* HealthyDietaCreadaViewController.swift in Sources */,
				414E6C1E2263A2D600EE02EE /* SwipingController.swift in Sources */,
			);
			runOnlyForDeploymentPostprocessing = 0;
		};
/* End PBXSourcesBuildPhase section */

/* Begin PBXVariantGroup section */
		414E6C062263A27800EE02EE /* Main.storyboard */ = {
			isa = PBXVariantGroup;
			children = (
				414E6C072263A27800EE02EE /* Base */,
			);
			name = Main.storyboard;
			sourceTree = "<group>";
		};
		414E6C0E2263A27900EE02EE /* LaunchScreen.storyboard */ = {
			isa = PBXVariantGroup;
			children = (
				414E6C0F2263A27900EE02EE /* Base */,
			);
			name = LaunchScreen.storyboard;
			sourceTree = "<group>";
		};
/* End PBXVariantGroup section */

/* Begin XCBuildConfiguration section */
		414E6C122263A27900EE02EE /* Debug */ = {
			isa = XCBuildConfiguration;
			buildSettings = {
				ALWAYS_SEARCH_USER_PATHS = NO;
				CLANG_ANALYZER_NONNULL = YES;
				CLANG_ANALYZER_NUMBER_OBJECT_CONVERSION = YES_AGGRESSIVE;
				CLANG_CXX_LANGUAGE_STANDARD = "gnu++14";
				CLANG_CXX_LIBRARY = "libc++";
				CLANG_ENABLE_MODULES = YES;
				CLANG_ENABLE_OBJC_ARC = YES;
				CLANG_ENABLE_OBJC_WEAK = YES;
				CLANG_WARN_BLOCK_CAPTURE_AUTORELEASING = YES;
				CLANG_WARN_BOOL_CONVERSION = YES;
				CLANG_WARN_COMMA = YES;
				CLANG_WARN_CONSTANT_CONVERSION = YES;
				CLANG_WARN_DEPRECATED_OBJC_IMPLEMENTATIONS = YES;
				CLANG_WARN_DIRECT_OBJC_ISA_USAGE = YES_ERROR;
				CLANG_WARN_DOCUMENTATION_COMMENTS = YES;
				CLANG_WARN_EMPTY_BODY = YES;
				CLANG_WARN_ENUM_CONVERSION = YES;
				CLANG_WARN_INFINITE_RECURSION = YES;
				CLANG_WARN_INT_CONVERSION = YES;
				CLANG_WARN_NON_LITERAL_NULL_CONVERSION = YES;
				CLANG_WARN_OBJC_IMPLICIT_RETAIN_SELF = YES;
				CLANG_WARN_OBJC_LITERAL_CONVERSION = YES;
				CLANG_WARN_OBJC_ROOT_CLASS = YES_ERROR;
				CLANG_WARN_RANGE_LOOP_ANALYSIS = YES;
				CLANG_WARN_STRICT_PROTOTYPES = YES;
				CLANG_WARN_SUSPICIOUS_MOVE = YES;
				CLANG_WARN_UNGUARDED_AVAILABILITY = YES_AGGRESSIVE;
				CLANG_WARN_UNREACHABLE_CODE = YES;
				CLANG_WARN__DUPLICATE_METHOD_MATCH = YES;
				CODE_SIGN_IDENTITY = "iPhone Developer";
				COPY_PHASE_STRIP = NO;
				DEBUG_INFORMATION_FORMAT = dwarf;
				ENABLE_STRICT_OBJC_MSGSEND = YES;
				ENABLE_TESTABILITY = YES;
				GCC_C_LANGUAGE_STANDARD = gnu11;
				GCC_DYNAMIC_NO_PIC = NO;
				GCC_NO_COMMON_BLOCKS = YES;
				GCC_OPTIMIZATION_LEVEL = 0;
				GCC_PREPROCESSOR_DEFINITIONS = (
					"DEBUG=1",
					"$(inherited)",
				);
				GCC_WARN_64_TO_32_BIT_CONVERSION = YES;
				GCC_WARN_ABOUT_RETURN_TYPE = YES_ERROR;
				GCC_WARN_UNDECLARED_SELECTOR = YES;
				GCC_WARN_UNINITIALIZED_AUTOS = YES_AGGRESSIVE;
				GCC_WARN_UNUSED_FUNCTION = YES;
				GCC_WARN_UNUSED_VARIABLE = YES;
				IPHONEOS_DEPLOYMENT_TARGET = 12.1;
				MTL_ENABLE_DEBUG_INFO = INCLUDE_SOURCE;
				MTL_FAST_MATH = YES;
				ONLY_ACTIVE_ARCH = YES;
				SDKROOT = iphoneos;
				SWIFT_ACTIVE_COMPILATION_CONDITIONS = DEBUG;
				SWIFT_OPTIMIZATION_LEVEL = "-Onone";
			};
			name = Debug;
		};
		414E6C132263A27900EE02EE /* Release */ = {
			isa = XCBuildConfiguration;
			buildSettings = {
				ALWAYS_SEARCH_USER_PATHS = NO;
				CLANG_ANALYZER_NONNULL = YES;
				CLANG_ANALYZER_NUMBER_OBJECT_CONVERSION = YES_AGGRESSIVE;
				CLANG_CXX_LANGUAGE_STANDARD = "gnu++14";
				CLANG_CXX_LIBRARY = "libc++";
				CLANG_ENABLE_MODULES = YES;
				CLANG_ENABLE_OBJC_ARC = YES;
				CLANG_ENABLE_OBJC_WEAK = YES;
				CLANG_WARN_BLOCK_CAPTURE_AUTORELEASING = YES;
				CLANG_WARN_BOOL_CONVERSION = YES;
				CLANG_WARN_COMMA = YES;
				CLANG_WARN_CONSTANT_CONVERSION = YES;
				CLANG_WARN_DEPRECATED_OBJC_IMPLEMENTATIONS = YES;
				CLANG_WARN_DIRECT_OBJC_ISA_USAGE = YES_ERROR;
				CLANG_WARN_DOCUMENTATION_COMMENTS = YES;
				CLANG_WARN_EMPTY_BODY = YES;
				CLANG_WARN_ENUM_CONVERSION = YES;
				CLANG_WARN_INFINITE_RECURSION = YES;
				CLANG_WARN_INT_CONVERSION = YES;
				CLANG_WARN_NON_LITERAL_NULL_CONVERSION = YES;
				CLANG_WARN_OBJC_IMPLICIT_RETAIN_SELF = YES;
				CLANG_WARN_OBJC_LITERAL_CONVERSION = YES;
				CLANG_WARN_OBJC_ROOT_CLASS = YES_ERROR;
				CLANG_WARN_RANGE_LOOP_ANALYSIS = YES;
				CLANG_WARN_STRICT_PROTOTYPES = YES;
				CLANG_WARN_SUSPICIOUS_MOVE = YES;
				CLANG_WARN_UNGUARDED_AVAILABILITY = YES_AGGRESSIVE;
				CLANG_WARN_UNREACHABLE_CODE = YES;
				CLANG_WARN__DUPLICATE_METHOD_MATCH = YES;
				CODE_SIGN_IDENTITY = "iPhone Developer";
				COPY_PHASE_STRIP = NO;
				DEBUG_INFORMATION_FORMAT = "dwarf-with-dsym";
				ENABLE_NS_ASSERTIONS = NO;
				ENABLE_STRICT_OBJC_MSGSEND = YES;
				GCC_C_LANGUAGE_STANDARD = gnu11;
				GCC_NO_COMMON_BLOCKS = YES;
				GCC_WARN_64_TO_32_BIT_CONVERSION = YES;
				GCC_WARN_ABOUT_RETURN_TYPE = YES_ERROR;
				GCC_WARN_UNDECLARED_SELECTOR = YES;
				GCC_WARN_UNINITIALIZED_AUTOS = YES_AGGRESSIVE;
				GCC_WARN_UNUSED_FUNCTION = YES;
				GCC_WARN_UNUSED_VARIABLE = YES;
				IPHONEOS_DEPLOYMENT_TARGET = 12.1;
				MTL_ENABLE_DEBUG_INFO = NO;
				MTL_FAST_MATH = YES;
				SDKROOT = iphoneos;
				SWIFT_COMPILATION_MODE = wholemodule;
				SWIFT_OPTIMIZATION_LEVEL = "-O";
				VALIDATE_PRODUCT = YES;
			};
			name = Release;
		};
		414E6C152263A27900EE02EE /* Debug */ = {
			isa = XCBuildConfiguration;
			baseConfigurationReference = 5072670994DC8371C0A70B2D /* Pods-HealthyWorld.debug.xcconfig */;
			buildSettings = {
				ASSETCATALOG_COMPILER_APPICON_NAME = AppIcon;
				CODE_SIGN_STYLE = Automatic;
				DEVELOPMENT_TEAM = 8HTZKAEVFY;
				INFOPLIST_FILE = HealthyWorld/Info.plist;
				IPHONEOS_DEPLOYMENT_TARGET = 11.4;
				LD_RUNPATH_SEARCH_PATHS = (
					"$(inherited)",
					"@executable_path/Frameworks",
				);
				PRODUCT_BUNDLE_IDENTIFIER = com.rapsus.HealthyWorld;
				PRODUCT_NAME = "$(TARGET_NAME)";
				SWIFT_VERSION = 4.2;
				TARGETED_DEVICE_FAMILY = "1,2";
			};
			name = Debug;
		};
		414E6C162263A27900EE02EE /* Release */ = {
			isa = XCBuildConfiguration;
			baseConfigurationReference = 73ACCFE52131E4116CBC0B42 /* Pods-HealthyWorld.release.xcconfig */;
			buildSettings = {
				ASSETCATALOG_COMPILER_APPICON_NAME = AppIcon;
				CODE_SIGN_STYLE = Automatic;
				DEVELOPMENT_TEAM = 8HTZKAEVFY;
				INFOPLIST_FILE = HealthyWorld/Info.plist;
				IPHONEOS_DEPLOYMENT_TARGET = 11.4;
				LD_RUNPATH_SEARCH_PATHS = (
					"$(inherited)",
					"@executable_path/Frameworks",
				);
				PRODUCT_BUNDLE_IDENTIFIER = com.rapsus.HealthyWorld;
				PRODUCT_NAME = "$(TARGET_NAME)";
				SWIFT_VERSION = 4.2;
				TARGETED_DEVICE_FAMILY = "1,2";
			};
			name = Release;
		};
/* End XCBuildConfiguration section */

/* Begin XCConfigurationList section */
		414E6BFA2263A27800EE02EE /* Build configuration list for PBXProject "HealthyWorld" */ = {
			isa = XCConfigurationList;
			buildConfigurations = (
				414E6C122263A27900EE02EE /* Debug */,
				414E6C132263A27900EE02EE /* Release */,
			);
			defaultConfigurationIsVisible = 0;
			defaultConfigurationName = Release;
		};
		414E6C142263A27900EE02EE /* Build configuration list for PBXNativeTarget "HealthyWorld" */ = {
			isa = XCConfigurationList;
			buildConfigurations = (
				414E6C152263A27900EE02EE /* Debug */,
				414E6C162263A27900EE02EE /* Release */,
			);
			defaultConfigurationIsVisible = 0;
			defaultConfigurationName = Release;
		};
/* End XCConfigurationList section */

/* Begin XCVersionGroup section */
		414E6C092263A27800EE02EE /* HealthyWorld.xcdatamodeld */ = {
			isa = XCVersionGroup;
			children = (
				414E6C0A2263A27800EE02EE /* HealthyWorld.xcdatamodel */,
			);
			currentVersion = 414E6C0A2263A27800EE02EE /* HealthyWorld.xcdatamodel */;
			path = HealthyWorld.xcdatamodeld;
			sourceTree = "<group>";
			versionGroupType = wrapper.xcdatamodel;
		};
/* End XCVersionGroup section */
	};
	rootObject = 414E6BF72263A27800EE02EE /* Project object */;
}
